
Microsoft Visual Studio Solution File, Format Version 12.00
# Visual Studio Version 16
VisualStudioVersion = 16.0.30621.155
MinimumVisualStudioVersion = 10.0.40219.1
Project("{FAE04EC0-301F-11D3-BF4B-00C04F79EFBC}") = "01. Day of Week", "01. Day of Week\01. Day of Week.csproj", "{CAA1E0D2-CB7F-4346-9058-C2564230D7B1}"
EndProject
Project("{FAE04EC0-301F-11D3-BF4B-00C04F79EFBC}") = "02.Weekend or Working Day", "02.Weekend or Working Day\02.Weekend or Working Day.csproj", "{15EABA9A-40A9-400A-8B23-658D809606B9}"
EndProject
Project("{FAE04EC0-301F-11D3-BF4B-00C04F79EFBC}") = "03. Animal Type", "03. Animal Type\03. Animal Type.csproj", "{B251120B-5AE1-42A5-8FEC-356AE9EE3295}"
EndProject
Project("{FAE04EC0-301F-11D3-BF4B-00C04F79EFBC}") = "04. Personal Titles", "04. Personal Titles\04. Personal Titles.csproj", "{F66CB335-9075-45DB-99A2-13C08CD1C94A}"
EndProject
Project("{FAE04EC0-301F-11D3-BF4B-00C04F79EFBC}") = "05. Small Shop", "05. Small Shop\05. Small Shop.csproj", "{CCA2D03B-8A25-42FD-9F5E-40E9B7053102}"
EndProject
Project("{FAE04EC0-301F-11D3-BF4B-00C04F79EFBC}") = "09. Fruit or Vegetable", "09. Fruit or Vegetable\09. Fruit or Vegetable.csproj", "{D3F23910-2C22-4D7F-8A08-16A323A1504A}"
EndProject
Project("{FAE04EC0-301F-11D3-BF4B-00C04F79EFBC}") = "06. Number in Range", "06. Number in Range\06. Number in Range.csproj", "{C22CCA11-1EFA-44B5-88A1-8D8D86EF0A01}"
EndProject
Project("{FAE04EC0-301F-11D3-BF4B-00C04F79EFBC}") = "07.Working Hours", "07.Working Hours\07.Working Hours.csproj", "{0EDA6071-F23F-4A21-AB05-AAD65CBE6774}"
EndProject
Project("{FAE04EC0-301F-11D3-BF4B-00C04F79EFBC}") = "08.Cinema Ticket", "08.Cinema Ticket\08.Cinema Ticket.csproj", "{ACB7F9D7-CFF1-4FFA-9CFD-0C8B7F9E631F}"
EndProject
Project("{FAE04EC0-301F-11D3-BF4B-00C04F79EFBC}") = "10. Invalid Number", "10. Invalid Number\10. Invalid Number.csproj", "{7030B036-5CBA-4C5B-B288-121F8FA33822}"
EndProject
Project("{FAE04EC0-301F-11D3-BF4B-00C04F79EFBC}") = "11. Fruit Shop", "11. Fruit Shop\11. Fruit Shop.csproj", "{4FB233D4-582D-4B40-8B25-D22474C0F9C2}"
EndProject
Project("{FAE04EC0-301F-11D3-BF4B-00C04F79EFBC}") = "12. Trade Commissions", "12. Trade Commissions\12. Trade Commissions.csproj", "{62B9C05D-F0E5-4AF5-A7E8-D16FECA08522}"
EndProject
Global
	GlobalSection(SolutionConfigurationPlatforms) = preSolution
		Debug|Any CPU = Debug|Any CPU
		Release|Any CPU = Release|Any CPU
	EndGlobalSection
	GlobalSection(ProjectConfigurationPlatforms) = postSolution
		{CAA1E0D2-CB7F-4346-9058-C2564230D7B1}.Debug|Any CPU.ActiveCfg = Debug|Any CPU
		{CAA1E0D2-CB7F-4346-9058-C2564230D7B1}.Debug|Any CPU.Build.0 = Debug|Any CPU
		{CAA1E0D2-CB7F-4346-9058-C2564230D7B1}.Release|Any CPU.ActiveCfg = Release|Any CPU
		{CAA1E0D2-CB7F-4346-9058-C2564230D7B1}.Release|Any CPU.Build.0 = Release|Any CPU
		{15EABA9A-40A9-400A-8B23-658D809606B9}.Debug|Any CPU.ActiveCfg = Debug|Any CPU
		{15EABA9A-40A9-400A-8B23-658D809606B9}.Debug|Any CPU.Build.0 = Debug|Any CPU
		{15EABA9A-40A9-400A-8B23-658D809606B9}.Release|Any CPU.ActiveCfg = Release|Any CPU
		{15EABA9A-40A9-400A-8B23-658D809606B9}.Release|Any CPU.Build.0 = Release|Any CPU
		{B251120B-5AE1-42A5-8FEC-356AE9EE3295}.Debug|Any CPU.ActiveCfg = Debug|Any CPU
		{B251120B-5AE1-42A5-8FEC-356AE9EE3295}.Debug|Any CPU.Build.0 = Debug|Any CPU
		{B251120B-5AE1-42A5-8FEC-356AE9EE3295}.Release|Any CPU.ActiveCfg = Release|Any CPU
		{B251120B-5AE1-42A5-8FEC-356AE9EE3295}.Release|Any CPU.Build.0 = Release|Any CPU
		{F66CB335-9075-45DB-99A2-13C08CD1C94A}.Debug|Any CPU.ActiveCfg = Debug|Any CPU
		{F66CB335-9075-45DB-99A2-13C08CD1C94A}.Debug|Any CPU.Build.0 = Debug|Any CPU
		{F66CB335-9075-45DB-99A2-13C08CD1C94A}.Release|Any CPU.ActiveCfg = Release|Any CPU
		{F66CB335-9075-45DB-99A2-13C08CD1C94A}.Release|Any CPU.Build.0 = Release|Any CPU
		{CCA2D03B-8A25-42FD-9F5E-40E9B7053102}.Debug|Any CPU.ActiveCfg = Debug|Any CPU
		{CCA2D03B-8A25-42FD-9F5E-40E9B7053102}.Debug|Any CPU.Build.0 = Debug|Any CPU
		{CCA2D03B-8A25-42FD-9F5E-40E9B7053102}.Release|Any CPU.ActiveCfg = Release|Any CPU
		{CCA2D03B-8A25-42FD-9F5E-40E9B7053102}.Release|Any CPU.Build.0 = Release|Any CPU
		{D3F23910-2C22-4D7F-8A08-16A323A1504A}.Debug|Any CPU.ActiveCfg = Debug|Any CPU
		{D3F23910-2C22-4D7F-8A08-16A323A1504A}.Debug|Any CPU.Build.0 = Debug|Any CPU
		{D3F23910-2C22-4D7F-8A08-16A323A1504A}.Release|Any CPU.ActiveCfg = Release|Any CPU
		{D3F23910-2C22-4D7F-8A08-16A323A1504A}.Release|Any CPU.Build.0 = Release|Any CPU
		{C22CCA11-1EFA-44B5-88A1-8D8D86EF0A01}.Debug|Any CPU.ActiveCfg = Debug|Any CPU
		{C22CCA11-1EFA-44B5-88A1-8D8D86EF0A01}.Debug|Any CPU.Build.0 = Debug|Any CPU
		{C22CCA11-1EFA-44B5-88A1-8D8D86EF0A01}.Release|Any CPU.ActiveCfg = Release|Any CPU
		{C22CCA11-1EFA-44B5-88A1-8D8D86EF0A01}.Release|Any CPU.Build.0 = Release|Any CPU
		{0EDA6071-F23F-4A21-AB05-AAD65CBE6774}.Debug|Any CPU.ActiveCfg = Debug|Any CPU
		{0EDA6071-F23F-4A21-AB05-AAD65CBE6774}.Debug|Any CPU.Build.0 = Debug|Any CPU
		{0EDA6071-F23F-4A21-AB05-AAD65CBE6774}.Release|Any CPU.ActiveCfg = Release|Any CPU
		{0EDA6071-F23F-4A21-AB05-AAD65CBE6774}.Release|Any CPU.Build.0 = Release|Any CPU
		{ACB7F9D7-CFF1-4FFA-9CFD-0C8B7F9E631F}.Debug|Any CPU.ActiveCfg = Debug|Any CPU
		{ACB7F9D7-CFF1-4FFA-9CFD-0C8B7F9E631F}.Debug|Any CPU.Build.0 = Debug|Any CPU
		{ACB7F9D7-CFF1-4FFA-9CFD-0C8B7F9E631F}.Release|Any CPU.ActiveCfg = Release|Any CPU
		{ACB7F9D7-CFF1-4FFA-9CFD-0C8B7F9E631F}.Release|Any CPU.Build.0 = Release|Any CPU
		{7030B036-5CBA-4C5B-B288-121F8FA33822}.Debug|Any CPU.ActiveCfg = Debug|Any CPU
		{7030B036-5CBA-4C5B-B288-121F8FA33822}.Debug|Any CPU.Build.0 = Debug|Any CPU
		{7030B036-5CBA-4C5B-B288-121F8FA33822}.Release|Any CPU.ActiveCfg = Release|Any CPU
		{7030B036-5CBA-4C5B-B288-121F8FA33822}.Release|Any CPU.Build.0 = Release|Any CPU
		{4FB233D4-582D-4B40-8B25-D22474C0F9C2}.Debug|Any CPU.ActiveCfg = Debug|Any CPU
		{4FB233D4-582D-4B40-8B25-D22474C0F9C2}.Debug|Any CPU.Build.0 = Debug|Any CPU
		{4FB233D4-582D-4B40-8B25-D22474C0F9C2}.Release|Any CPU.ActiveCfg = Release|Any CPU
		{4FB233D4-582D-4B40-8B25-D22474C0F9C2}.Release|Any CPU.Build.0 = Release|Any CPU
		{62B9C05D-F0E5-4AF5-A7E8-D16FECA08522}.Debug|Any CPU.ActiveCfg = Debug|Any CPU
		{62B9C05D-F0E5-4AF5-A7E8-D16FECA08522}.Debug|Any CPU.Build.0 = Debug|Any CPU
		{62B9C05D-F0E5-4AF5-A7E8-D16FECA08522}.Release|Any CPU.ActiveCfg = Release|Any CPU
		{62B9C05D-F0E5-4AF5-A7E8-D16FECA08522}.Release|Any CPU.Build.0 = Release|Any CPU
	EndGlobalSection
	GlobalSection(SolutionProperties) = preSolution
		HideSolutionNode = FALSE
	EndGlobalSection
	GlobalSection(ExtensibilityGlobals) = postSolution
		SolutionGuid = {841F9972-404F-4218-B169-833439CF6E46}
	EndGlobalSection
EndGlobal
